
Microsoft Visual Studio Solution File, Format Version 12.00
# Visual Studio Version 17
VisualStudioVersion = 17.3.32811.315
MinimumVisualStudioVersion = 10.0.40219.1
Project("{FAE04EC0-301F-11D3-BF4B-00C04F79EFBC}") = "TowerDefence", "TowerDefence.csproj", "{87C1307A-E1D7-4A69-9321-E6FE48FF41D2}"
EndProject
Global
	GlobalSection(SolutionConfigurationPlatforms) = preSolution
		Debug|Any CPU = Debug|Any CPU
		Release|Any CPU = Release|Any CPU
	EndGlobalSection
	GlobalSection(ProjectConfigurationPlatforms) = postSolution
		{87C1307A-E1D7-4A69-9321-E6FE48FF41D2}.Debug|Any CPU.ActiveCfg = Debug|Any CPU
		{87C1307A-E1D7-4A69-9321-E6FE48FF41D2}.Debug|Any CPU.Build.0 = Debug|Any CPU
		{87C1307A-E1D7-4A69-9321-E6FE48FF41D2}.Release|Any CPU.ActiveCfg = Release|Any CPU
		{87C1307A-E1D7-4A69-9321-E6FE48FF41D2}.Release|Any CPU.Build.0 = Release|Any CPU
	EndGlobalSection
	GlobalSection(SolutionProperties) = preSolution
		HideSolutionNode = FALSE
	EndGlobalSection
	GlobalSection(ExtensibilityGlobals) = postSolution
		SolutionGuid = {E9E65957-F5F2-4012-BDAC-C0AB47BB19E4}
	EndGlobalSection
EndGlobal
